// !$*UTF8*$!
{
	archiveVersion = 1;
	classes = {
	};
	objectVersion = 56;
	objects = {

/* Begin PBXBuildFile section */
		121EB0342906858100C1A54F /* DetailProductViewModel.swift in Sources */ = {isa = PBXBuildFile; fileRef = 121EB0332906858100C1A54F /* DetailProductViewModel.swift */; };
		121EB0362906885F00C1A54F /* DetailProductView.swift in Sources */ = {isa = PBXBuildFile; fileRef = 121EB0352906885F00C1A54F /* DetailProductView.swift */; };
		126B1FD72905189000969980 /* MoreProductsView.swift in Sources */ = {isa = PBXBuildFile; fileRef = 126B1FD62905189000969980 /* MoreProductsView.swift */; };
		126B1FD9290539B400969980 /* SearchView.swift in Sources */ = {isa = PBXBuildFile; fileRef = 126B1FD8290539B400969980 /* SearchView.swift */; };
		126B1FDB29058BF200969980 /* StaggeredGridView.swift in Sources */ = {isa = PBXBuildFile; fileRef = 126B1FDA29058BF200969980 /* StaggeredGridView.swift */; };
		126B1FDD2905906800969980 /* ProductCardView.swift in Sources */ = {isa = PBXBuildFile; fileRef = 126B1FDC2905906800969980 /* ProductCardView.swift */; };
		126B1FDF2905BC0100969980 /* Profile.swift in Sources */ = {isa = PBXBuildFile; fileRef = 126B1FDE2905BC0100969980 /* Profile.swift */; };
		1288AD2F290411A200C04CA7 /* MainPage.swift in Sources */ = {isa = PBXBuildFile; fileRef = 1288AD2E290411A200C04CA7 /* MainPage.swift */; };
		1288AD3329041B3D00C04CA7 /* Home.swift in Sources */ = {isa = PBXBuildFile; fileRef = 1288AD3229041B3D00C04CA7 /* Home.swift */; };
		1288AD3629041FE200C04CA7 /* ProductType.swift in Sources */ = {isa = PBXBuildFile; fileRef = 1288AD3529041FE200C04CA7 /* ProductType.swift */; };
		1288AD3D2904249100C04CA7 /* HomeViewModel.swift in Sources */ = {isa = PBXBuildFile; fileRef = 1288AD3C2904249100C04CA7 /* HomeViewModel.swift */; };
		1288AD3F2904256B00C04CA7 /* Product.swift in Sources */ = {isa = PBXBuildFile; fileRef = 1288AD3E2904256B00C04CA7 /* Product.swift */; };
		12A91D6929003794003D2899 /* OnlineShopApp.swift in Sources */ = {isa = PBXBuildFile; fileRef = 12A91D6829003794003D2899 /* OnlineShopApp.swift */; };
		12A91D6B29003794003D2899 /* ContentView.swift in Sources */ = {isa = PBXBuildFile; fileRef = 12A91D6A29003794003D2899 /* ContentView.swift */; };
		12A91D7029003795003D2899 /* Preview Assets.xcassets in Resources */ = {isa = PBXBuildFile; fileRef = 12A91D6F29003795003D2899 /* Preview Assets.xcassets */; };
		12A91D7C29003A06003D2899 /* Raleway-SemiBold.ttf in Resources */ = {isa = PBXBuildFile; fileRef = 12A91D7929003A06003D2899 /* Raleway-SemiBold.ttf */; };
		12A91D7D29003A06003D2899 /* Raleway-Regular.ttf in Resources */ = {isa = PBXBuildFile; fileRef = 12A91D7A29003A06003D2899 /* Raleway-Regular.ttf */; };
		12A91D7E29003A06003D2899 /* Raleway-Bold.ttf in Resources */ = {isa = PBXBuildFile; fileRef = 12A91D7B29003A06003D2899 /* Raleway-Bold.ttf */; };
		12A91D8229003B11003D2899 /* OnBoardingPage.swift in Sources */ = {isa = PBXBuildFile; fileRef = 12A91D8129003B11003D2899 /* OnBoardingPage.swift */; };
		12A91D8429003CD3003D2899 /* Assets.xcassets in Resources */ = {isa = PBXBuildFile; fileRef = 12A91D8329003CD3003D2899 /* Assets.xcassets */; };
		12A91D8829004DF0003D2899 /* LoginPage.swift in Sources */ = {isa = PBXBuildFile; fileRef = 12A91D8729004DF0003D2899 /* LoginPage.swift */; };
		12A91D8B290056DE003D2899 /* LoginPageViewModel.swift in Sources */ = {isa = PBXBuildFile; fileRef = 12A91D8A290056DE003D2899 /* LoginPageViewModel.swift */; };
		12A91D8D2900594F003D2899 /* Extensions.swift in Sources */ = {isa = PBXBuildFile; fileRef = 12A91D8C2900594F003D2899 /* Extensions.swift */; };
		12A91D8F29005BD2003D2899 /* CustomCornerShape.swift in Sources */ = {isa = PBXBuildFile; fileRef = 12A91D8E29005BD2003D2899 /* CustomCornerShape.swift */; };
		12CF023C29013783002DB86A /* BackgroundCirclesView.swift in Sources */ = {isa = PBXBuildFile; fileRef = 12CF023B29013783002DB86A /* BackgroundCirclesView.swift */; };
/* End PBXBuildFile section */

/* Begin PBXFileReference section */
		121EB0332906858100C1A54F /* DetailProductViewModel.swift */ = {isa = PBXFileReference; lastKnownFileType = sourcecode.swift; path = DetailProductViewModel.swift; sourceTree = "<group>"; };
		121EB0352906885F00C1A54F /* DetailProductView.swift */ = {isa = PBXFileReference; lastKnownFileType = sourcecode.swift; path = DetailProductView.swift; sourceTree = "<group>"; };
		126B1FD62905189000969980 /* MoreProductsView.swift */ = {isa = PBXFileReference; lastKnownFileType = sourcecode.swift; path = MoreProductsView.swift; sourceTree = "<group>"; };
		126B1FD8290539B400969980 /* SearchView.swift */ = {isa = PBXFileReference; lastKnownFileType = sourcecode.swift; path = SearchView.swift; sourceTree = "<group>"; };
		126B1FDA29058BF200969980 /* StaggeredGridView.swift */ = {isa = PBXFileReference; lastKnownFileType = sourcecode.swift; path = StaggeredGridView.swift; sourceTree = "<group>"; };
		126B1FDC2905906800969980 /* ProductCardView.swift */ = {isa = PBXFileReference; lastKnownFileType = sourcecode.swift; path = ProductCardView.swift; sourceTree = "<group>"; };
		126B1FDE2905BC0100969980 /* Profile.swift */ = {isa = PBXFileReference; lastKnownFileType = sourcecode.swift; path = Profile.swift; sourceTree = "<group>"; };
		1288AD2E290411A200C04CA7 /* MainPage.swift */ = {isa = PBXFileReference; lastKnownFileType = sourcecode.swift; path = MainPage.swift; sourceTree = "<group>"; };
		1288AD3229041B3D00C04CA7 /* Home.swift */ = {isa = PBXFileReference; lastKnownFileType = sourcecode.swift; path = Home.swift; sourceTree = "<group>"; };
		1288AD3529041FE200C04CA7 /* ProductType.swift */ = {isa = PBXFileReference; lastKnownFileType = sourcecode.swift; path = ProductType.swift; sourceTree = "<group>"; };
		1288AD3C2904249100C04CA7 /* HomeViewModel.swift */ = {isa = PBXFileReference; lastKnownFileType = sourcecode.swift; path = HomeViewModel.swift; sourceTree = "<group>"; };
		1288AD3E2904256B00C04CA7 /* Product.swift */ = {isa = PBXFileReference; lastKnownFileType = sourcecode.swift; path = Product.swift; sourceTree = "<group>"; };
		12A91D6529003794003D2899 /* OnlineShop.app */ = {isa = PBXFileReference; explicitFileType = wrapper.application; includeInIndex = 0; path = OnlineShop.app; sourceTree = BUILT_PRODUCTS_DIR; };
		12A91D6829003794003D2899 /* OnlineShopApp.swift */ = {isa = PBXFileReference; lastKnownFileType = sourcecode.swift; path = OnlineShopApp.swift; sourceTree = "<group>"; };
		12A91D6A29003794003D2899 /* ContentView.swift */ = {isa = PBXFileReference; lastKnownFileType = sourcecode.swift; path = ContentView.swift; sourceTree = "<group>"; };
		12A91D6F29003795003D2899 /* Preview Assets.xcassets */ = {isa = PBXFileReference; lastKnownFileType = folder.assetcatalog; path = "Preview Assets.xcassets"; sourceTree = "<group>"; };
		12A91D7929003A06003D2899 /* Raleway-SemiBold.ttf */ = {isa = PBXFileReference; lastKnownFileType = file; path = "Raleway-SemiBold.ttf"; sourceTree = "<group>"; };
		12A91D7A29003A06003D2899 /* Raleway-Regular.ttf */ = {isa = PBXFileReference; lastKnownFileType = file; path = "Raleway-Regular.ttf"; sourceTree = "<group>"; };
		12A91D7B29003A06003D2899 /* Raleway-Bold.ttf */ = {isa = PBXFileReference; lastKnownFileType = file; path = "Raleway-Bold.ttf"; sourceTree = "<group>"; };
		12A91D7F29003A75003D2899 /* Info.plist */ = {isa = PBXFileReference; lastKnownFileType = text.plist; path = Info.plist; sourceTree = "<group>"; };
		12A91D8129003B11003D2899 /* OnBoardingPage.swift */ = {isa = PBXFileReference; lastKnownFileType = sourcecode.swift; path = OnBoardingPage.swift; sourceTree = "<group>"; };
		12A91D8329003CD3003D2899 /* Assets.xcassets */ = {isa = PBXFileReference; lastKnownFileType = folder.assetcatalog; path = Assets.xcassets; sourceTree = "<group>"; };
		12A91D8729004DF0003D2899 /* LoginPage.swift */ = {isa = PBXFileReference; lastKnownFileType = sourcecode.swift; path = LoginPage.swift; sourceTree = "<group>"; };
		12A91D8A290056DE003D2899 /* LoginPageViewModel.swift */ = {isa = PBXFileReference; lastKnownFileType = sourcecode.swift; path = LoginPageViewModel.swift; sourceTree = "<group>"; };
		12A91D8C2900594F003D2899 /* Extensions.swift */ = {isa = PBXFileReference; lastKnownFileType = sourcecode.swift; path = Extensions.swift; sourceTree = "<group>"; };
		12A91D8E29005BD2003D2899 /* CustomCornerShape.swift */ = {isa = PBXFileReference; lastKnownFileType = sourcecode.swift; path = CustomCornerShape.swift; sourceTree = "<group>"; };
		12CF023B29013783002DB86A /* BackgroundCirclesView.swift */ = {isa = PBXFileReference; lastKnownFileType = sourcecode.swift; path = BackgroundCirclesView.swift; sourceTree = "<group>"; };
/* End PBXFileReference section */

/* Begin PBXFrameworksBuildPhase section */
		12A91D6229003794003D2899 /* Frameworks */ = {
			isa = PBXFrameworksBuildPhase;
			buildActionMask = 2147483647;
			files = (
			);
			runOnlyForDeploymentPostprocessing = 0;
		};
/* End PBXFrameworksBuildPhase section */

/* Begin PBXGroup section */
		121EB02C290684BC00C1A54F /* DetailProductScreen */ = {
			isa = PBXGroup;
			children = (
				121EB032290684FE00C1A54F /* ViewModel */,
				121EB02F290684D500C1A54F /* View */,
			);
			path = DetailProductScreen;
			sourceTree = "<group>";
		};
		121EB02F290684D500C1A54F /* View */ = {
			isa = PBXGroup;
			children = (
				121EB0352906885F00C1A54F /* DetailProductView.swift */,
			);
			path = View;
			sourceTree = "<group>";
		};
		121EB032290684FE00C1A54F /* ViewModel */ = {
			isa = PBXGroup;
			children = (
				121EB0332906858100C1A54F /* DetailProductViewModel.swift */,
			);
			path = ViewModel;
			sourceTree = "<group>";
		};
		1288AD3029041AA300C04CA7 /* MainPageScreen */ = {
			isa = PBXGroup;
			children = (
				1288AD3429041FCC00C04CA7 /* Model */,
				1288AD372904230E00C04CA7 /* View */,
				1288AD3B2904248300C04CA7 /* ViewModel */,
			);
			path = MainPageScreen;
			sourceTree = "<group>";
		};
		1288AD3129041AAE00C04CA7 /* TabViews */ = {
			isa = PBXGroup;
			children = (
				1288AD3229041B3D00C04CA7 /* Home.swift */,
				126B1FDE2905BC0100969980 /* Profile.swift */,
			);
			path = TabViews;
			sourceTree = "<group>";
		};
		1288AD3429041FCC00C04CA7 /* Model */ = {
			isa = PBXGroup;
			children = (
				1288AD3529041FE200C04CA7 /* ProductType.swift */,
				1288AD3E2904256B00C04CA7 /* Product.swift */,
			);
			path = Model;
			sourceTree = "<group>";
		};
		1288AD372904230E00C04CA7 /* View */ = {
			isa = PBXGroup;
			children = (
				1288AD2E290411A200C04CA7 /* MainPage.swift */,
				1288AD3129041AAE00C04CA7 /* TabViews */,
				126B1FD62905189000969980 /* MoreProductsView.swift */,
				126B1FD8290539B400969980 /* SearchView.swift */,
				126B1FDA29058BF200969980 /* StaggeredGridView.swift */,
				126B1FDC2905906800969980 /* ProductCardView.swift */,
			);
			path = View;
			sourceTree = "<group>";
		};
		1288AD382904232C00C04CA7 /* OnBoardingPageScreen */ = {
			isa = PBXGroup;
			children = (
				12A91D8129003B11003D2899 /* OnBoardingPage.swift */,
			);
			path = OnBoardingPageScreen;
			sourceTree = "<group>";
		};
		1288AD392904234500C04CA7 /* View */ = {
			isa = PBXGroup;
			children = (
				12A91D8729004DF0003D2899 /* LoginPage.swift */,
				12CF023B29013783002DB86A /* BackgroundCirclesView.swift */,
				12A91D8E29005BD2003D2899 /* CustomCornerShape.swift */,
			);
			path = View;
			sourceTree = "<group>";
		};
		1288AD3B2904248300C04CA7 /* ViewModel */ = {
			isa = PBXGroup;
			children = (
				1288AD3C2904249100C04CA7 /* HomeViewModel.swift */,
			);
			path = ViewModel;
			sourceTree = "<group>";
		};
		12A91D5C29003794003D2899 = {
			isa = PBXGroup;
			children = (
				12A91D6729003794003D2899 /* OnlineShop */,
				12A91D6629003794003D2899 /* Products */,
			);
			sourceTree = "<group>";
		};
		12A91D6629003794003D2899 /* Products */ = {
			isa = PBXGroup;
			children = (
				12A91D6529003794003D2899 /* OnlineShop.app */,
			);
			name = Products;
			sourceTree = "<group>";
		};
		12A91D6729003794003D2899 /* OnlineShop */ = {
			isa = PBXGroup;
			children = (
				121EB02C290684BC00C1A54F /* DetailProductScreen */,
				1288AD382904232C00C04CA7 /* OnBoardingPageScreen */,
				12CF023A29013731002DB86A /* LoginPageScreen */,
				1288AD3029041AA300C04CA7 /* MainPageScreen */,
				12A91D7829003A06003D2899 /* Fonts */,
				12A91D7F29003A75003D2899 /* Info.plist */,
				12A91D6829003794003D2899 /* OnlineShopApp.swift */,
				12A91D6A29003794003D2899 /* ContentView.swift */,
				12A91D8329003CD3003D2899 /* Assets.xcassets */,
				12A91D8C2900594F003D2899 /* Extensions.swift */,
				12A91D6E29003795003D2899 /* Preview Content */,
			);
			path = OnlineShop;
			sourceTree = "<group>";
		};
		12A91D6E29003795003D2899 /* Preview Content */ = {
			isa = PBXGroup;
			children = (
				12A91D6F29003795003D2899 /* Preview Assets.xcassets */,
			);
			path = "Preview Content";
			sourceTree = "<group>";
		};
		12A91D7829003A06003D2899 /* Fonts */ = {
			isa = PBXGroup;
			children = (
				12A91D7929003A06003D2899 /* Raleway-SemiBold.ttf */,
				12A91D7A29003A06003D2899 /* Raleway-Regular.ttf */,
				12A91D7B29003A06003D2899 /* Raleway-Bold.ttf */,
			);
			name = Fonts;
			path = "../../../Downloads/EcommerceAppKit-main/Shared/Fonts";
			sourceTree = "<group>";
		};
		12A91D89290056C4003D2899 /* ViewModel */ = {
			isa = PBXGroup;
			children = (
				12A91D8A290056DE003D2899 /* LoginPageViewModel.swift */,
			);
			path = ViewModel;
			sourceTree = "<group>";
		};
		12CF023A29013731002DB86A /* LoginPageScreen */ = {
			isa = PBXGroup;
			children = (
				1288AD392904234500C04CA7 /* View */,
				12A91D89290056C4003D2899 /* ViewModel */,
			);
			path = LoginPageScreen;
			sourceTree = "<group>";
		};
/* End PBXGroup section */

/* Begin PBXNativeTarget section */
		12A91D6429003794003D2899 /* OnlineShop */ = {
			isa = PBXNativeTarget;
			buildConfigurationList = 12A91D7329003795003D2899 /* Build configuration list for PBXNativeTarget "OnlineShop" */;
			buildPhases = (
				12A91D6129003794003D2899 /* Sources */,
				12A91D6229003794003D2899 /* Frameworks */,
				12A91D6329003794003D2899 /* Resources */,
			);
			buildRules = (
			);
			dependencies = (
			);
			name = OnlineShop;
			productName = OnlineShop;
			productReference = 12A91D6529003794003D2899 /* OnlineShop.app */;
			productType = "com.apple.product-type.application";
		};
/* End PBXNativeTarget section */

/* Begin PBXProject section */
		12A91D5D29003794003D2899 /* Project object */ = {
			isa = PBXProject;
			attributes = {
				BuildIndependentTargetsInParallel = 1;
				LastSwiftUpdateCheck = 1400;
				LastUpgradeCheck = 1400;
				TargetAttributes = {
					12A91D6429003794003D2899 = {
						CreatedOnToolsVersion = 14.0.1;
					};
				};
			};
			buildConfigurationList = 12A91D6029003794003D2899 /* Build configuration list for PBXProject "OnlineShop" */;
			compatibilityVersion = "Xcode 14.0";
			developmentRegion = en;
			hasScannedForEncodings = 0;
			knownRegions = (
				en,
				Base,
			);
			mainGroup = 12A91D5C29003794003D2899;
			productRefGroup = 12A91D6629003794003D2899 /* Products */;
			projectDirPath = "";
			projectRoot = "";
			targets = (
				12A91D6429003794003D2899 /* OnlineShop */,
			);
		};
/* End PBXProject section */

/* Begin PBXResourcesBuildPhase section */
		12A91D6329003794003D2899 /* Resources */ = {
			isa = PBXResourcesBuildPhase;
			buildActionMask = 2147483647;
			files = (
				12A91D7E29003A06003D2899 /* Raleway-Bold.ttf in Resources */,
				12A91D7D29003A06003D2899 /* Raleway-Regular.ttf in Resources */,
				12A91D7C29003A06003D2899 /* Raleway-SemiBold.ttf in Resources */,
				12A91D7029003795003D2899 /* Preview Assets.xcassets in Resources */,
				12A91D8429003CD3003D2899 /* Assets.xcassets in Resources */,
			);
			runOnlyForDeploymentPostprocessing = 0;
		};
/* End PBXResourcesBuildPhase section */

/* Begin PBXSourcesBuildPhase section */
		12A91D6129003794003D2899 /* Sources */ = {
			isa = PBXSourcesBuildPhase;
			buildActionMask = 2147483647;
			files = (
				12A91D8829004DF0003D2899 /* LoginPage.swift in Sources */,
				12A91D8D2900594F003D2899 /* Extensions.swift in Sources */,
				1288AD3329041B3D00C04CA7 /* Home.swift in Sources */,
				1288AD2F290411A200C04CA7 /* MainPage.swift in Sources */,
				12A91D8F29005BD2003D2899 /* CustomCornerShape.swift in Sources */,
				1288AD3629041FE200C04CA7 /* ProductType.swift in Sources */,
				12A91D6B29003794003D2899 /* ContentView.swift in Sources */,
				126B1FDF2905BC0100969980 /* Profile.swift in Sources */,
				1288AD3D2904249100C04CA7 /* HomeViewModel.swift in Sources */,
				126B1FDD2905906800969980 /* ProductCardView.swift in Sources */,
				121EB0342906858100C1A54F /* DetailProductViewModel.swift in Sources */,
				12A91D8229003B11003D2899 /* OnBoardingPage.swift in Sources */,
				126B1FDB29058BF200969980 /* StaggeredGridView.swift in Sources */,
				12A91D8B290056DE003D2899 /* LoginPageViewModel.swift in Sources */,
				121EB0362906885F00C1A54F /* DetailProductView.swift in Sources */,
				126B1FD9290539B400969980 /* SearchView.swift in Sources */,
				12CF023C29013783002DB86A /* BackgroundCirclesView.swift in Sources */,
				12A91D6929003794003D2899 /* OnlineShopApp.swift in Sources */,
				1288AD3F2904256B00C04CA7 /* Product.swift in Sources */,
				126B1FD72905189000969980 /* MoreProductsView.swift in Sources */,
			);
			runOnlyForDeploymentPostprocessing = 0;
		};
/* End PBXSourcesBuildPhase section */

/* Begin XCBuildConfiguration section */
		12A91D7129003795003D2899 /* Debug */ = {
			isa = XCBuildConfiguration;
			buildSettings = {
				ALWAYS_SEARCH_USER_PATHS = NO;
				CLANG_ANALYZER_NONNULL = YES;
				CLANG_ANALYZER_NUMBER_OBJECT_CONVERSION = YES_AGGRESSIVE;
				CLANG_CXX_LANGUAGE_STANDARD = "gnu++20";
				CLANG_ENABLE_MODULES = YES;
				CLANG_ENABLE_OBJC_ARC = YES;
				CLANG_ENABLE_OBJC_WEAK = YES;
				CLANG_WARN_BLOCK_CAPTURE_AUTORELEASING = YES;
				CLANG_WARN_BOOL_CONVERSION = YES;
				CLANG_WARN_COMMA = YES;
				CLANG_WARN_CONSTANT_CONVERSION = YES;
				CLANG_WARN_DEPRECATED_OBJC_IMPLEMENTATIONS = YES;
				CLANG_WARN_DIRECT_OBJC_ISA_USAGE = YES_ERROR;
				CLANG_WARN_DOCUMENTATION_COMMENTS = YES;
				CLANG_WARN_EMPTY_BODY = YES;
				CLANG_WARN_ENUM_CONVERSION = YES;
				CLANG_WARN_INFINITE_RECURSION = YES;
				CLANG_WARN_INT_CONVERSION = YES;
				CLANG_WARN_NON_LITERAL_NULL_CONVERSION = YES;
				CLANG_WARN_OBJC_IMPLICIT_RETAIN_SELF = YES;
				CLANG_WARN_OBJC_LITERAL_CONVERSION = YES;
				CLANG_WARN_OBJC_ROOT_CLASS = YES_ERROR;
				CLANG_WARN_QUOTED_INCLUDE_IN_FRAMEWORK_HEADER = YES;
				CLANG_WARN_RANGE_LOOP_ANALYSIS = YES;
				CLANG_WARN_STRICT_PROTOTYPES = YES;
				CLANG_WARN_SUSPICIOUS_MOVE = YES;
				CLANG_WARN_UNGUARDED_AVAILABILITY = YES_AGGRESSIVE;
				CLANG_WARN_UNREACHABLE_CODE = YES;
				CLANG_WARN__DUPLICATE_METHOD_MATCH = YES;
				COPY_PHASE_STRIP = NO;
				DEBUG_INFORMATION_FORMAT = dwarf;
				ENABLE_STRICT_OBJC_MSGSEND = YES;
				ENABLE_TESTABILITY = YES;
				GCC_C_LANGUAGE_STANDARD = gnu11;
				GCC_DYNAMIC_NO_PIC = NO;
				GCC_NO_COMMON_BLOCKS = YES;
				GCC_OPTIMIZATION_LEVEL = 0;
				GCC_PREPROCESSOR_DEFINITIONS = (
					"DEBUG=1",
					"$(inherited)",
				);
				GCC_WARN_64_TO_32_BIT_CONVERSION = YES;
				GCC_WARN_ABOUT_RETURN_TYPE = YES_ERROR;
				GCC_WARN_UNDECLARED_SELECTOR = YES;
				GCC_WARN_UNINITIALIZED_AUTOS = YES_AGGRESSIVE;
				GCC_WARN_UNUSED_FUNCTION = YES;
				GCC_WARN_UNUSED_VARIABLE = YES;
				IPHONEOS_DEPLOYMENT_TARGET = 16.0;
				MTL_ENABLE_DEBUG_INFO = INCLUDE_SOURCE;
				MTL_FAST_MATH = YES;
				ONLY_ACTIVE_ARCH = YES;
				SDKROOT = iphoneos;
				SWIFT_ACTIVE_COMPILATION_CONDITIONS = DEBUG;
				SWIFT_OPTIMIZATION_LEVEL = "-Onone";
			};
			name = Debug;
		};
		12A91D7229003795003D2899 /* Release */ = {
			isa = XCBuildConfiguration;
			buildSettings = {
				ALWAYS_SEARCH_USER_PATHS = NO;
				CLANG_ANALYZER_NONNULL = YES;
				CLANG_ANALYZER_NUMBER_OBJECT_CONVERSION = YES_AGGRESSIVE;
				CLANG_CXX_LANGUAGE_STANDARD = "gnu++20";
				CLANG_ENABLE_MODULES = YES;
				CLANG_ENABLE_OBJC_ARC = YES;
				CLANG_ENABLE_OBJC_WEAK = YES;
				CLANG_WARN_BLOCK_CAPTURE_AUTORELEASING = YES;
				CLANG_WARN_BOOL_CONVERSION = YES;
				CLANG_WARN_COMMA = YES;
				CLANG_WARN_CONSTANT_CONVERSION = YES;
				CLANG_WARN_DEPRECATED_OBJC_IMPLEMENTATIONS = YES;
				CLANG_WARN_DIRECT_OBJC_ISA_USAGE = YES_ERROR;
				CLANG_WARN_DOCUMENTATION_COMMENTS = YES;
				CLANG_WARN_EMPTY_BODY = YES;
				CLANG_WARN_ENUM_CONVERSION = YES;
				CLANG_WARN_INFINITE_RECURSION = YES;
				CLANG_WARN_INT_CONVERSION = YES;
				CLANG_WARN_NON_LITERAL_NULL_CONVERSION = YES;
				CLANG_WARN_OBJC_IMPLICIT_RETAIN_SELF = YES;
				CLANG_WARN_OBJC_LITERAL_CONVERSION = YES;
				CLANG_WARN_OBJC_ROOT_CLASS = YES_ERROR;
				CLANG_WARN_QUOTED_INCLUDE_IN_FRAMEWORK_HEADER = YES;
				CLANG_WARN_RANGE_LOOP_ANALYSIS = YES;
				CLANG_WARN_STRICT_PROTOTYPES = YES;
				CLANG_WARN_SUSPICIOUS_MOVE = YES;
				CLANG_WARN_UNGUARDED_AVAILABILITY = YES_AGGRESSIVE;
				CLANG_WARN_UNREACHABLE_CODE = YES;
				CLANG_WARN__DUPLICATE_METHOD_MATCH = YES;
				COPY_PHASE_STRIP = NO;
				DEBUG_INFORMATION_FORMAT = "dwarf-with-dsym";
				ENABLE_NS_ASSERTIONS = NO;
				ENABLE_STRICT_OBJC_MSGSEND = YES;
				GCC_C_LANGUAGE_STANDARD = gnu11;
				GCC_NO_COMMON_BLOCKS = YES;
				GCC_WARN_64_TO_32_BIT_CONVERSION = YES;
				GCC_WARN_ABOUT_RETURN_TYPE = YES_ERROR;
				GCC_WARN_UNDECLARED_SELECTOR = YES;
				GCC_WARN_UNINITIALIZED_AUTOS = YES_AGGRESSIVE;
				GCC_WARN_UNUSED_FUNCTION = YES;
				GCC_WARN_UNUSED_VARIABLE = YES;
				IPHONEOS_DEPLOYMENT_TARGET = 16.0;
				MTL_ENABLE_DEBUG_INFO = NO;
				MTL_FAST_MATH = YES;
				SDKROOT = iphoneos;
				SWIFT_COMPILATION_MODE = wholemodule;
				SWIFT_OPTIMIZATION_LEVEL = "-O";
				VALIDATE_PRODUCT = YES;
			};
			name = Release;
		};
		12A91D7429003795003D2899 /* Debug */ = {
			isa = XCBuildConfiguration;
			buildSettings = {
				ASSETCATALOG_COMPILER_APPICON_NAME = AppIcon;
				ASSETCATALOG_COMPILER_GLOBAL_ACCENT_COLOR_NAME = AccentColor;
				CODE_SIGN_STYLE = Automatic;
				CURRENT_PROJECT_VERSION = 1;
				DEVELOPMENT_ASSET_PATHS = "\"OnlineShop/Preview Content\"";
				DEVELOPMENT_TEAM = AJ4GPRL926;
				ENABLE_PREVIEWS = YES;
				GENERATE_INFOPLIST_FILE = YES;
				INFOPLIST_FILE = OnlineShop/Info.plist;
				INFOPLIST_KEY_UIApplicationSceneManifest_Generation = YES;
				INFOPLIST_KEY_UIApplicationSupportsIndirectInputEvents = YES;
				INFOPLIST_KEY_UILaunchScreen_Generation = YES;
				INFOPLIST_KEY_UISupportedInterfaceOrientations_iPad = "UIInterfaceOrientationPortrait UIInterfaceOrientationPortraitUpsideDown UIInterfaceOrientationLandscapeLeft UIInterfaceOrientationLandscapeRight";
				INFOPLIST_KEY_UISupportedInterfaceOrientations_iPhone = "UIInterfaceOrientationPortrait UIInterfaceOrientationLandscapeLeft UIInterfaceOrientationLandscapeRight";
				LD_RUNPATH_SEARCH_PATHS = (
					"$(inherited)",
					"@executable_path/Frameworks",
				);
				MARKETING_VERSION = 1.0;
				PRODUCT_BUNDLE_IDENTIFIER = agermek.OnlineShop;
				PRODUCT_NAME = "$(TARGET_NAME)";
				SWIFT_EMIT_LOC_STRINGS = YES;
				SWIFT_VERSION = 5.0;
				TARGETED_DEVICE_FAMILY = "1,2";
			};
			name = Debug;
		};
		12A91D7529003795003D2899 /* Release */ = {
			isa = XCBuildConfiguration;
			buildSettings = {
				ASSETCATALOG_COMPILER_APPICON_NAME = AppIcon;
				ASSETCATALOG_COMPILER_GLOBAL_ACCENT_COLOR_NAME = AccentColor;
				CODE_SIGN_STYLE = Automatic;
				CURRENT_PROJECT_VERSION = 1;
				DEVELOPMENT_ASSET_PATHS = "\"OnlineShop/Preview Content\"";
				DEVELOPMENT_TEAM = AJ4GPRL926;
				ENABLE_PREVIEWS = YES;
				GENERATE_INFOPLIST_FILE = YES;
				INFOPLIST_FILE = OnlineShop/Info.plist;
				INFOPLIST_KEY_UIApplicationSceneManifest_Generation = YES;
				INFOPLIST_KEY_UIApplicationSupportsIndirectInputEvents = YES;
				INFOPLIST_KEY_UILaunchScreen_Generation = YES;
				INFOPLIST_KEY_UISupportedInterfaceOrientations_iPad = "UIInterfaceOrientationPortrait UIInterfaceOrientationPortraitUpsideDown UIInterfaceOrientationLandscapeLeft UIInterfaceOrientationLandscapeRight";
				INFOPLIST_KEY_UISupportedInterfaceOrientations_iPhone = "UIInterfaceOrientationPortrait UIInterfaceOrientationLandscapeLeft UIInterfaceOrientationLandscapeRight";
				LD_RUNPATH_SEARCH_PATHS = (
					"$(inherited)",
					"@executable_path/Frameworks",
				);
				MARKETING_VERSION = 1.0;
				PRODUCT_BUNDLE_IDENTIFIER = agermek.OnlineShop;
				PRODUCT_NAME = "$(TARGET_NAME)";
				SWIFT_EMIT_LOC_STRINGS = YES;
				SWIFT_VERSION = 5.0;
				TARGETED_DEVICE_FAMILY = "1,2";
			};
			name = Release;
		};
/* End XCBuildConfiguration section */

/* Begin XCConfigurationList section */
		12A91D6029003794003D2899 /* Build configuration list for PBXProject "OnlineShop" */ = {
			isa = XCConfigurationList;
			buildConfigurations = (
				12A91D7129003795003D2899 /* Debug */,
				12A91D7229003795003D2899 /* Release */,
			);
			defaultConfigurationIsVisible = 0;
			defaultConfigurationName = Release;
		};
		12A91D7329003795003D2899 /* Build configuration list for PBXNativeTarget "OnlineShop" */ = {
			isa = XCConfigurationList;
			buildConfigurations = (
				12A91D7429003795003D2899 /* Debug */,
				12A91D7529003795003D2899 /* Release */,
			);
			defaultConfigurationIsVisible = 0;
			defaultConfigurationName = Release;
		};
/* End XCConfigurationList section */
	};
	rootObject = 12A91D5D29003794003D2899 /* Project object */;
}
